// !$*UTF8*$!
{
	archiveVersion = 1;
	classes = {
	};
	objectVersion = 56;
	objects = {

/* Begin PBXBuildFile section */
		8C0006802B46E86600E7D620 /* AppDelegate.swift in Sources */ = {isa = PBXBuildFile; fileRef = 8C00067F2B46E86600E7D620 /* AppDelegate.swift */; };
		8C0006822B46E86600E7D620 /* SceneDelegate.swift in Sources */ = {isa = PBXBuildFile; fileRef = 8C0006812B46E86600E7D620 /* SceneDelegate.swift */; };
		8C0006842B46E86600E7D620 /* HomeViewController.swift in Sources */ = {isa = PBXBuildFile; fileRef = 8C0006832B46E86600E7D620 /* HomeViewController.swift */; };
		8C0006872B46E86600E7D620 /* Main.storyboard in Resources */ = {isa = PBXBuildFile; fileRef = 8C0006852B46E86600E7D620 /* Main.storyboard */; };
		8C0006892B46E86700E7D620 /* Assets.xcassets in Resources */ = {isa = PBXBuildFile; fileRef = 8C0006882B46E86700E7D620 /* Assets.xcassets */; };
		8C00068C2B46E86700E7D620 /* LaunchScreen.storyboard in Resources */ = {isa = PBXBuildFile; fileRef = 8C00068A2B46E86700E7D620 /* LaunchScreen.storyboard */; };
		8C00069A2B46EB3300E7D620 /* ExploreViewController.swift in Sources */ = {isa = PBXBuildFile; fileRef = 8C0006992B46EB3300E7D620 /* ExploreViewController.swift */; };
		8C00069E2B46EB5E00E7D620 /* CameraViewController.swift in Sources */ = {isa = PBXBuildFile; fileRef = 8C00069D2B46EB5E00E7D620 /* CameraViewController.swift */; };
		8C0006A02B46EB7B00E7D620 /* NotificationsViewController.swift in Sources */ = {isa = PBXBuildFile; fileRef = 8C00069F2B46EB7B00E7D620 /* NotificationsViewController.swift */; };
		8C0006A22B46EB8D00E7D620 /* ProfileViewController.swift in Sources */ = {isa = PBXBuildFile; fileRef = 8C0006A12B46EB8D00E7D620 /* ProfileViewController.swift */; };
		8C0006A82B46EC3000E7D620 /* LoginViewController.swift in Sources */ = {isa = PBXBuildFile; fileRef = 8C0006A72B46EC3000E7D620 /* LoginViewController.swift */; };
		8C0006AA2B46EC5300E7D620 /* RegistrationViewController.swift in Sources */ = {isa = PBXBuildFile; fileRef = 8C0006A92B46EC5300E7D620 /* RegistrationViewController.swift */; };
		8C0006AC2B46EC8200E7D620 /* PostViewController.swift in Sources */ = {isa = PBXBuildFile; fileRef = 8C0006AB2B46EC8200E7D620 /* PostViewController.swift */; };
		8C0006AE2B46ECAF00E7D620 /* EditProfileViewController.swift in Sources */ = {isa = PBXBuildFile; fileRef = 8C0006AD2B46ECAF00E7D620 /* EditProfileViewController.swift */; };
		8C0006B02B46ECBB00E7D620 /* SettingsViewController.swift in Sources */ = {isa = PBXBuildFile; fileRef = 8C0006AF2B46ECBB00E7D620 /* SettingsViewController.swift */; };
		8C0006B22B46ECDE00E7D620 /* ListViewController.swift in Sources */ = {isa = PBXBuildFile; fileRef = 8C0006B12B46ECDE00E7D620 /* ListViewController.swift */; };
		8C0006B42B46ECFF00E7D620 /* SearchResultViewController.swift in Sources */ = {isa = PBXBuildFile; fileRef = 8C0006B32B46ECFF00E7D620 /* SearchResultViewController.swift */; };
		8C0006B62B46ED5B00E7D620 /* PostEditorViewController.swift in Sources */ = {isa = PBXBuildFile; fileRef = 8C0006B52B46ED5B00E7D620 /* PostEditorViewController.swift */; };
		8C0006B82B46ED8400E7D620 /* SearchViewController.swift in Sources */ = {isa = PBXBuildFile; fileRef = 8C0006B72B46ED8400E7D620 /* SearchViewController.swift */; };
		8C0006BA2B46ED9B00E7D620 /* PublishPostViewController.swift in Sources */ = {isa = PBXBuildFile; fileRef = 8C0006B92B46ED9B00E7D620 /* PublishPostViewController.swift */; };
/* End PBXBuildFile section */

/* Begin PBXFileReference section */
		8C00067C2B46E86600E7D620 /* Instagram.app */ = {isa = PBXFileReference; explicitFileType = wrapper.application; includeInIndex = 0; path = Instagram.app; sourceTree = BUILT_PRODUCTS_DIR; };
		8C00067F2B46E86600E7D620 /* AppDelegate.swift */ = {isa = PBXFileReference; lastKnownFileType = sourcecode.swift; path = AppDelegate.swift; sourceTree = "<group>"; };
		8C0006812B46E86600E7D620 /* SceneDelegate.swift */ = {isa = PBXFileReference; lastKnownFileType = sourcecode.swift; path = SceneDelegate.swift; sourceTree = "<group>"; };
		8C0006832B46E86600E7D620 /* HomeViewController.swift */ = {isa = PBXFileReference; lastKnownFileType = sourcecode.swift; path = HomeViewController.swift; sourceTree = "<group>"; };
		8C0006862B46E86600E7D620 /* Base */ = {isa = PBXFileReference; lastKnownFileType = file.storyboard; name = Base; path = Base.lproj/Main.storyboard; sourceTree = "<group>"; };
		8C0006882B46E86700E7D620 /* Assets.xcassets */ = {isa = PBXFileReference; lastKnownFileType = folder.assetcatalog; path = Assets.xcassets; sourceTree = "<group>"; };
		8C00068B2B46E86700E7D620 /* Base */ = {isa = PBXFileReference; lastKnownFileType = file.storyboard; name = Base; path = Base.lproj/LaunchScreen.storyboard; sourceTree = "<group>"; };
		8C00068D2B46E86700E7D620 /* Info.plist */ = {isa = PBXFileReference; lastKnownFileType = text.plist.xml; path = Info.plist; sourceTree = "<group>"; };
		8C0006992B46EB3300E7D620 /* ExploreViewController.swift */ = {isa = PBXFileReference; lastKnownFileType = sourcecode.swift; path = ExploreViewController.swift; sourceTree = "<group>"; };
		8C00069D2B46EB5E00E7D620 /* CameraViewController.swift */ = {isa = PBXFileReference; lastKnownFileType = sourcecode.swift; path = CameraViewController.swift; sourceTree = "<group>"; };
		8C00069F2B46EB7B00E7D620 /* NotificationsViewController.swift */ = {isa = PBXFileReference; lastKnownFileType = sourcecode.swift; path = NotificationsViewController.swift; sourceTree = "<group>"; };
		8C0006A12B46EB8D00E7D620 /* ProfileViewController.swift */ = {isa = PBXFileReference; lastKnownFileType = sourcecode.swift; path = ProfileViewController.swift; sourceTree = "<group>"; };
		8C0006A72B46EC3000E7D620 /* LoginViewController.swift */ = {isa = PBXFileReference; lastKnownFileType = sourcecode.swift; path = LoginViewController.swift; sourceTree = "<group>"; };
		8C0006A92B46EC5300E7D620 /* RegistrationViewController.swift */ = {isa = PBXFileReference; lastKnownFileType = sourcecode.swift; path = RegistrationViewController.swift; sourceTree = "<group>"; };
		8C0006AB2B46EC8200E7D620 /* PostViewController.swift */ = {isa = PBXFileReference; lastKnownFileType = sourcecode.swift; path = PostViewController.swift; sourceTree = "<group>"; };
		8C0006AD2B46ECAF00E7D620 /* EditProfileViewController.swift */ = {isa = PBXFileReference; lastKnownFileType = sourcecode.swift; path = EditProfileViewController.swift; sourceTree = "<group>"; };
		8C0006AF2B46ECBB00E7D620 /* SettingsViewController.swift */ = {isa = PBXFileReference; lastKnownFileType = sourcecode.swift; path = SettingsViewController.swift; sourceTree = "<group>"; };
		8C0006B12B46ECDE00E7D620 /* ListViewController.swift */ = {isa = PBXFileReference; lastKnownFileType = sourcecode.swift; path = ListViewController.swift; sourceTree = "<group>"; };
		8C0006B32B46ECFF00E7D620 /* SearchResultViewController.swift */ = {isa = PBXFileReference; lastKnownFileType = sourcecode.swift; path = SearchResultViewController.swift; sourceTree = "<group>"; };
		8C0006B52B46ED5B00E7D620 /* PostEditorViewController.swift */ = {isa = PBXFileReference; lastKnownFileType = sourcecode.swift; path = PostEditorViewController.swift; sourceTree = "<group>"; };
		8C0006B72B46ED8400E7D620 /* SearchViewController.swift */ = {isa = PBXFileReference; lastKnownFileType = sourcecode.swift; path = SearchViewController.swift; sourceTree = "<group>"; };
		8C0006B92B46ED9B00E7D620 /* PublishPostViewController.swift */ = {isa = PBXFileReference; lastKnownFileType = sourcecode.swift; path = PublishPostViewController.swift; sourceTree = "<group>"; };
/* End PBXFileReference section */

/* Begin PBXFrameworksBuildPhase section */
		8C0006792B46E86600E7D620 /* Frameworks */ = {
			isa = PBXFrameworksBuildPhase;
			buildActionMask = 2147483647;
			files = (
			);
			runOnlyForDeploymentPostprocessing = 0;
		};
/* End PBXFrameworksBuildPhase section */

/* Begin PBXGroup section */
		8C0006732B46E86600E7D620 = {
			isa = PBXGroup;
			children = (
				8C00067E2B46E86600E7D620 /* Instagram */,
				8C0006972B46E9E400E7D620 /* Products */,
				8C00067D2B46E86600E7D620 /* Products */,
			);
			sourceTree = "<group>";
		};
		8C00067D2B46E86600E7D620 /* Products */ = {
			isa = PBXGroup;
			children = (
				8C00067C2B46E86600E7D620 /* Instagram.app */,
			);
			name = Products;
			sourceTree = "<group>";
		};
		8C00067E2B46E86600E7D620 /* Instagram */ = {
			isa = PBXGroup;
			children = (
				8C0006962B46E93600E7D620 /* Resources */,
				8C0006952B46E93000E7D620 /* Models */,
				8C0006942B46E92900E7D620 /* Views */,
				8C0006932B46E92000E7D620 /* Controllers */,
				8C00068D2B46E86700E7D620 /* Info.plist */,
			);
			path = Instagram;
			sourceTree = "<group>";
		};
		8C0006932B46E92000E7D620 /* Controllers */ = {
			isa = PBXGroup;
			children = (
				8C0006A52B46EC0C00E7D620 /* Others */,
				8C0006A42B46EBC400E7D620 /* Core Tabs */,
			);
			path = Controllers;
			sourceTree = "<group>";
		};
		8C0006942B46E92900E7D620 /* Views */ = {
			isa = PBXGroup;
			children = (
				8C0006882B46E86700E7D620 /* Assets.xcassets */,
				8C0006982B46EA0F00E7D620 /* Storyboards */,
			);
			path = Views;
			sourceTree = "<group>";
		};
		8C0006952B46E93000E7D620 /* Models */ = {
			isa = PBXGroup;
			children = (
			);
			path = Models;
			sourceTree = "<group>";
		};
		8C0006962B46E93600E7D620 /* Resources */ = {
			isa = PBXGroup;
			children = (
				8C00067F2B46E86600E7D620 /* AppDelegate.swift */,
				8C0006812B46E86600E7D620 /* SceneDelegate.swift */,
			);
			path = Resources;
			sourceTree = "<group>";
		};
		8C0006972B46E9E400E7D620 /* Products */ = {
			isa = PBXGroup;
			children = (
			);
			path = Products;
			sourceTree = "<group>";
		};
		8C0006982B46EA0F00E7D620 /* Storyboards */ = {
			isa = PBXGroup;
			children = (
				8C0006852B46E86600E7D620 /* Main.storyboard */,
				8C00068A2B46E86700E7D620 /* LaunchScreen.storyboard */,
			);
			path = Storyboards;
			sourceTree = "<group>";
		};
		8C0006A42B46EBC400E7D620 /* Core Tabs */ = {
			isa = PBXGroup;
			children = (
				8C0006832B46E86600E7D620 /* HomeViewController.swift */,
				8C0006992B46EB3300E7D620 /* ExploreViewController.swift */,
				8C00069D2B46EB5E00E7D620 /* CameraViewController.swift */,
				8C00069F2B46EB7B00E7D620 /* NotificationsViewController.swift */,
				8C0006A12B46EB8D00E7D620 /* ProfileViewController.swift */,
			);
			path = "Core Tabs";
			sourceTree = "<group>";
		};
		8C0006A52B46EC0C00E7D620 /* Others */ = {
			isa = PBXGroup;
			children = (
				8C0006A62B46EC1700E7D620 /* Onboarding */,
				8C0006AD2B46ECAF00E7D620 /* EditProfileViewController.swift */,
				8C0006AF2B46ECBB00E7D620 /* SettingsViewController.swift */,
				8C0006B12B46ECDE00E7D620 /* ListViewController.swift */,
				8C0006B32B46ECFF00E7D620 /* SearchResultViewController.swift */,
				8C0006B72B46ED8400E7D620 /* SearchViewController.swift */,
				8C0006AB2B46EC8200E7D620 /* PostViewController.swift */,
				8C0006B52B46ED5B00E7D620 /* PostEditorViewController.swift */,
				8C0006B92B46ED9B00E7D620 /* PublishPostViewController.swift */,
			);
			path = Others;
			sourceTree = "<group>";
		};
		8C0006A62B46EC1700E7D620 /* Onboarding */ = {
			isa = PBXGroup;
			children = (
				8C0006A72B46EC3000E7D620 /* LoginViewController.swift */,
				8C0006A92B46EC5300E7D620 /* RegistrationViewController.swift */,
			);
			path = Onboarding;
			sourceTree = "<group>";
		};
/* End PBXGroup section */

/* Begin PBXNativeTarget section */
		8C00067B2B46E86600E7D620 /* Instagram */ = {
			isa = PBXNativeTarget;
			buildConfigurationList = 8C0006902B46E86700E7D620 /* Build configuration list for PBXNativeTarget "Instagram" */;
			buildPhases = (
				8C0006782B46E86600E7D620 /* Sources */,
				8C0006792B46E86600E7D620 /* Frameworks */,
				8C00067A2B46E86600E7D620 /* Resources */,
			);
			buildRules = (
			);
			dependencies = (
			);
			name = Instagram;
			productName = Instagram;
			productReference = 8C00067C2B46E86600E7D620 /* Instagram.app */;
			productType = "com.apple.product-type.application";
		};
/* End PBXNativeTarget section */

/* Begin PBXProject section */
		8C0006742B46E86600E7D620 /* Project object */ = {
			isa = PBXProject;
			attributes = {
				BuildIndependentTargetsInParallel = 1;
				LastSwiftUpdateCheck = 1400;
				LastUpgradeCheck = 1400;
				TargetAttributes = {
					8C00067B2B46E86600E7D620 = {
						CreatedOnToolsVersion = 14.0.1;
					};
				};
			};
			buildConfigurationList = 8C0006772B46E86600E7D620 /* Build configuration list for PBXProject "Instagram" */;
			compatibilityVersion = "Xcode 14.0";
			developmentRegion = en;
			hasScannedForEncodings = 0;
			knownRegions = (
				en,
				Base,
			);
			mainGroup = 8C0006732B46E86600E7D620;
			productRefGroup = 8C00067D2B46E86600E7D620 /* Products */;
			projectDirPath = "";
			projectRoot = "";
			targets = (
				8C00067B2B46E86600E7D620 /* Instagram */,
			);
		};
/* End PBXProject section */

/* Begin PBXResourcesBuildPhase section */
		8C00067A2B46E86600E7D620 /* Resources */ = {
			isa = PBXResourcesBuildPhase;
			buildActionMask = 2147483647;
			files = (
				8C00068C2B46E86700E7D620 /* LaunchScreen.storyboard in Resources */,
				8C0006892B46E86700E7D620 /* Assets.xcassets in Resources */,
				8C0006872B46E86600E7D620 /* Main.storyboard in Resources */,
			);
			runOnlyForDeploymentPostprocessing = 0;
		};
/* End PBXResourcesBuildPhase section */

/* Begin PBXSourcesBuildPhase section */
		8C0006782B46E86600E7D620 /* Sources */ = {
			isa = PBXSourcesBuildPhase;
			buildActionMask = 2147483647;
			files = (
				8C0006AE2B46ECAF00E7D620 /* EditProfileViewController.swift in Sources */,
				8C00069A2B46EB3300E7D620 /* ExploreViewController.swift in Sources */,
				8C0006BA2B46ED9B00E7D620 /* PublishPostViewController.swift in Sources */,
				8C00069E2B46EB5E00E7D620 /* CameraViewController.swift in Sources */,
				8C0006842B46E86600E7D620 /* HomeViewController.swift in Sources */,
				8C0006AA2B46EC5300E7D620 /* RegistrationViewController.swift in Sources */,
				8C0006AC2B46EC8200E7D620 /* PostViewController.swift in Sources */,
				8C0006A02B46EB7B00E7D620 /* NotificationsViewController.swift in Sources */,
				8C0006A82B46EC3000E7D620 /* LoginViewController.swift in Sources */,
				8C0006B42B46ECFF00E7D620 /* SearchResultViewController.swift in Sources */,
				8C0006A22B46EB8D00E7D620 /* ProfileViewController.swift in Sources */,
				8C0006B82B46ED8400E7D620 /* SearchViewController.swift in Sources */,
				8C0006802B46E86600E7D620 /* AppDelegate.swift in Sources */,
				8C0006B62B46ED5B00E7D620 /* PostEditorViewController.swift in Sources */,
				8C0006822B46E86600E7D620 /* SceneDelegate.swift in Sources */,
				8C0006B22B46ECDE00E7D620 /* ListViewController.swift in Sources */,
				8C0006B02B46ECBB00E7D620 /* SettingsViewController.swift in Sources */,
			);
			runOnlyForDeploymentPostprocessing = 0;
		};
/* End PBXSourcesBuildPhase section */

/* Begin PBXVariantGroup section */
		8C0006852B46E86600E7D620 /* Main.storyboard */ = {
			isa = PBXVariantGroup;
			children = (
				8C0006862B46E86600E7D620 /* Base */,
			);
			name = Main.storyboard;
			sourceTree = "<group>";
		};
		8C00068A2B46E86700E7D620 /* LaunchScreen.storyboard */ = {
			isa = PBXVariantGroup;
			children = (
				8C00068B2B46E86700E7D620 /* Base */,
			);
			name = LaunchScreen.storyboard;
			sourceTree = "<group>";
		};
/* End PBXVariantGroup section */

/* Begin XCBuildConfiguration section */
		8C00068E2B46E86700E7D620 /* Debug */ = {
			isa = XCBuildConfiguration;
			buildSettings = {
				ALWAYS_SEARCH_USER_PATHS = NO;
				CLANG_ANALYZER_NONNULL = YES;
				CLANG_ANALYZER_NUMBER_OBJECT_CONVERSION = YES_AGGRESSIVE;
				CLANG_CXX_LANGUAGE_STANDARD = "gnu++20";
				CLANG_ENABLE_MODULES = YES;
				CLANG_ENABLE_OBJC_ARC = YES;
				CLANG_ENABLE_OBJC_WEAK = YES;
				CLANG_WARN_BLOCK_CAPTURE_AUTORELEASING = YES;
				CLANG_WARN_BOOL_CONVERSION = YES;
				CLANG_WARN_COMMA = YES;
				CLANG_WARN_CONSTANT_CONVERSION = YES;
				CLANG_WARN_DEPRECATED_OBJC_IMPLEMENTATIONS = YES;
				CLANG_WARN_DIRECT_OBJC_ISA_USAGE = YES_ERROR;
				CLANG_WARN_DOCUMENTATION_COMMENTS = YES;
				CLANG_WARN_EMPTY_BODY = YES;
				CLANG_WARN_ENUM_CONVERSION = YES;
				CLANG_WARN_INFINITE_RECURSION = YES;
				CLANG_WARN_INT_CONVERSION = YES;
				CLANG_WARN_NON_LITERAL_NULL_CONVERSION = YES;
				CLANG_WARN_OBJC_IMPLICIT_RETAIN_SELF = YES;
				CLANG_WARN_OBJC_LITERAL_CONVERSION = YES;
				CLANG_WARN_OBJC_ROOT_CLASS = YES_ERROR;
				CLANG_WARN_QUOTED_INCLUDE_IN_FRAMEWORK_HEADER = YES;
				CLANG_WARN_RANGE_LOOP_ANALYSIS = YES;
				CLANG_WARN_STRICT_PROTOTYPES = YES;
				CLANG_WARN_SUSPICIOUS_MOVE = YES;
				CLANG_WARN_UNGUARDED_AVAILABILITY = YES_AGGRESSIVE;
				CLANG_WARN_UNREACHABLE_CODE = YES;
				CLANG_WARN__DUPLICATE_METHOD_MATCH = YES;
				COPY_PHASE_STRIP = NO;
				DEBUG_INFORMATION_FORMAT = dwarf;
				ENABLE_STRICT_OBJC_MSGSEND = YES;
				ENABLE_TESTABILITY = YES;
				GCC_C_LANGUAGE_STANDARD = gnu11;
				GCC_DYNAMIC_NO_PIC = NO;
				GCC_NO_COMMON_BLOCKS = YES;
				GCC_OPTIMIZATION_LEVEL = 0;
				GCC_PREPROCESSOR_DEFINITIONS = (
					"DEBUG=1",
					"$(inherited)",
				);
				GCC_WARN_64_TO_32_BIT_CONVERSION = YES;
				GCC_WARN_ABOUT_RETURN_TYPE = YES_ERROR;
				GCC_WARN_UNDECLARED_SELECTOR = YES;
				GCC_WARN_UNINITIALIZED_AUTOS = YES_AGGRESSIVE;
				GCC_WARN_UNUSED_FUNCTION = YES;
				GCC_WARN_UNUSED_VARIABLE = YES;
				IPHONEOS_DEPLOYMENT_TARGET = 16.0;
				MTL_ENABLE_DEBUG_INFO = INCLUDE_SOURCE;
				MTL_FAST_MATH = YES;
				ONLY_ACTIVE_ARCH = YES;
				SDKROOT = iphoneos;
				SWIFT_ACTIVE_COMPILATION_CONDITIONS = DEBUG;
				SWIFT_OPTIMIZATION_LEVEL = "-Onone";
			};
			name = Debug;
		};
		8C00068F2B46E86700E7D620 /* Release */ = {
			isa = XCBuildConfiguration;
			buildSettings = {
				ALWAYS_SEARCH_USER_PATHS = NO;
				CLANG_ANALYZER_NONNULL = YES;
				CLANG_ANALYZER_NUMBER_OBJECT_CONVERSION = YES_AGGRESSIVE;
				CLANG_CXX_LANGUAGE_STANDARD = "gnu++20";
				CLANG_ENABLE_MODULES = YES;
				CLANG_ENABLE_OBJC_ARC = YES;
				CLANG_ENABLE_OBJC_WEAK = YES;
				CLANG_WARN_BLOCK_CAPTURE_AUTORELEASING = YES;
				CLANG_WARN_BOOL_CONVERSION = YES;
				CLANG_WARN_COMMA = YES;
				CLANG_WARN_CONSTANT_CONVERSION = YES;
				CLANG_WARN_DEPRECATED_OBJC_IMPLEMENTATIONS = YES;
				CLANG_WARN_DIRECT_OBJC_ISA_USAGE = YES_ERROR;
				CLANG_WARN_DOCUMENTATION_COMMENTS = YES;
				CLANG_WARN_EMPTY_BODY = YES;
				CLANG_WARN_ENUM_CONVERSION = YES;
				CLANG_WARN_INFINITE_RECURSION = YES;
				CLANG_WARN_INT_CONVERSION = YES;
				CLANG_WARN_NON_LITERAL_NULL_CONVERSION = YES;
				CLANG_WARN_OBJC_IMPLICIT_RETAIN_SELF = YES;
				CLANG_WARN_OBJC_LITERAL_CONVERSION = YES;
				CLANG_WARN_OBJC_ROOT_CLASS = YES_ERROR;
				CLANG_WARN_QUOTED_INCLUDE_IN_FRAMEWORK_HEADER = YES;
				CLANG_WARN_RANGE_LOOP_ANALYSIS = YES;
				CLANG_WARN_STRICT_PROTOTYPES = YES;
				CLANG_WARN_SUSPICIOUS_MOVE = YES;
				CLANG_WARN_UNGUARDED_AVAILABILITY = YES_AGGRESSIVE;
				CLANG_WARN_UNREACHABLE_CODE = YES;
				CLANG_WARN__DUPLICATE_METHOD_MATCH = YES;
				COPY_PHASE_STRIP = NO;
				DEBUG_INFORMATION_FORMAT = "dwarf-with-dsym";
				ENABLE_NS_ASSERTIONS = NO;
				ENABLE_STRICT_OBJC_MSGSEND = YES;
				GCC_C_LANGUAGE_STANDARD = gnu11;
				GCC_NO_COMMON_BLOCKS = YES;
				GCC_WARN_64_TO_32_BIT_CONVERSION = YES;
				GCC_WARN_ABOUT_RETURN_TYPE = YES_ERROR;
				GCC_WARN_UNDECLARED_SELECTOR = YES;
				GCC_WARN_UNINITIALIZED_AUTOS = YES_AGGRESSIVE;
				GCC_WARN_UNUSED_FUNCTION = YES;
				GCC_WARN_UNUSED_VARIABLE = YES;
				IPHONEOS_DEPLOYMENT_TARGET = 16.0;
				MTL_ENABLE_DEBUG_INFO = NO;
				MTL_FAST_MATH = YES;
				SDKROOT = iphoneos;
				SWIFT_COMPILATION_MODE = wholemodule;
				SWIFT_OPTIMIZATION_LEVEL = "-O";
				VALIDATE_PRODUCT = YES;
			};
			name = Release;
		};
		8C0006912B46E86700E7D620 /* Debug */ = {
			isa = XCBuildConfiguration;
			buildSettings = {
				ASSETCATALOG_COMPILER_APPICON_NAME = AppIcon;
				ASSETCATALOG_COMPILER_GLOBAL_ACCENT_COLOR_NAME = AccentColor;
				CODE_SIGN_STYLE = Automatic;
				CURRENT_PROJECT_VERSION = 1;
				DEVELOPMENT_TEAM = DSS68TX4L6;
				GENERATE_INFOPLIST_FILE = YES;
				INFOPLIST_FILE = Instagram/Info.plist;
				INFOPLIST_KEY_UIApplicationSupportsIndirectInputEvents = YES;
				INFOPLIST_KEY_UILaunchStoryboardName = LaunchScreen;
				INFOPLIST_KEY_UIMainStoryboardFile = Main;
				INFOPLIST_KEY_UISupportedInterfaceOrientations_iPad = "UIInterfaceOrientationPortrait UIInterfaceOrientationPortraitUpsideDown UIInterfaceOrientationLandscapeLeft UIInterfaceOrientationLandscapeRight";
				INFOPLIST_KEY_UISupportedInterfaceOrientations_iPhone = "UIInterfaceOrientationPortrait UIInterfaceOrientationLandscapeLeft UIInterfaceOrientationLandscapeRight";
				LD_RUNPATH_SEARCH_PATHS = (
					"$(inherited)",
					"@executable_path/Frameworks",
				);
				MARKETING_VERSION = 1.0;
				PRODUCT_BUNDLE_IDENTIFIER = com.erkamuysal.Instagram;
				PRODUCT_NAME = "$(TARGET_NAME)";
				SWIFT_EMIT_LOC_STRINGS = YES;
				SWIFT_VERSION = 5.0;
				TARGETED_DEVICE_FAMILY = "1,2";
			};
			name = Debug;
		};
		8C0006922B46E86700E7D620 /* Release */ = {
			isa = XCBuildConfiguration;
			buildSettings = {
				ASSETCATALOG_COMPILER_APPICON_NAME = AppIcon;
				ASSETCATALOG_COMPILER_GLOBAL_ACCENT_COLOR_NAME = AccentColor;
				CODE_SIGN_STYLE = Automatic;
				CURRENT_PROJECT_VERSION = 1;
				DEVELOPMENT_TEAM = DSS68TX4L6;
				GENERATE_INFOPLIST_FILE = YES;
				INFOPLIST_FILE = Instagram/Info.plist;
				INFOPLIST_KEY_UIApplicationSupportsIndirectInputEvents = YES;
				INFOPLIST_KEY_UILaunchStoryboardName = LaunchScreen;
				INFOPLIST_KEY_UIMainStoryboardFile = Main;
				INFOPLIST_KEY_UISupportedInterfaceOrientations_iPad = "UIInterfaceOrientationPortrait UIInterfaceOrientationPortraitUpsideDown UIInterfaceOrientationLandscapeLeft UIInterfaceOrientationLandscapeRight";
				INFOPLIST_KEY_UISupportedInterfaceOrientations_iPhone = "UIInterfaceOrientationPortrait UIInterfaceOrientationLandscapeLeft UIInterfaceOrientationLandscapeRight";
				LD_RUNPATH_SEARCH_PATHS = (
					"$(inherited)",
					"@executable_path/Frameworks",
				);
				MARKETING_VERSION = 1.0;
				PRODUCT_BUNDLE_IDENTIFIER = com.erkamuysal.Instagram;
				PRODUCT_NAME = "$(TARGET_NAME)";
				SWIFT_EMIT_LOC_STRINGS = YES;
				SWIFT_VERSION = 5.0;
				TARGETED_DEVICE_FAMILY = "1,2";
			};
			name = Release;
		};
/* End XCBuildConfiguration section */

/* Begin XCConfigurationList section */
		8C0006772B46E86600E7D620 /* Build configuration list for PBXProject "Instagram" */ = {
			isa = XCConfigurationList;
			buildConfigurations = (
				8C00068E2B46E86700E7D620 /* Debug */,
				8C00068F2B46E86700E7D620 /* Release */,
			);
			defaultConfigurationIsVisible = 0;
			defaultConfigurationName = Release;
		};
		8C0006902B46E86700E7D620 /* Build configuration list for PBXNativeTarget "Instagram" */ = {
			isa = XCConfigurationList;
			buildConfigurations = (
				8C0006912B46E86700E7D620 /* Debug */,
				8C0006922B46E86700E7D620 /* Release */,
			);
			defaultConfigurationIsVisible = 0;
			defaultConfigurationName = Release;
		};
/* End XCConfigurationList section */
	};
	rootObject = 8C0006742B46E86600E7D620 /* Project object */;
}
